
Microsoft Visual Studio Solution File, Format Version 12.00
# Visual Studio Version 17
VisualStudioVersion = 17.0.31903.59
MinimumVisualStudioVersion = 10.0.40219.1
Project("{2150E333-8FDC-42A3-9474-1A3956D46DE8}") = "src", "src", "{272C165D-5C40-4999-8202-D9634C7F4BBC}"
EndProject
Project("{2150E333-8FDC-42A3-9474-1A3956D46DE8}") = "Core", "Core", "{EABE1250-2DB7-41B5-88C1-B1F33A900F6F}"
EndProject
Project("{FAE04EC0-301F-11D3-BF4B-00C04F79EFBC}") = "Fiap.Cloud.Games.Core.Ioc", "src\Core\Fiap.Cloud.Games.Core.Ioc\Fiap.Cloud.Games.Core.Ioc.csproj", "{311DD607-AA84-40A5-B5D9-5982A0E7A5DA}"
EndProject
Project("{FAE04EC0-301F-11D3-BF4B-00C04F79EFBC}") = "Fiap.Cloud.Games.Core.Infra", "src\Core\Fiap.Cloud.Games.Core.Infra\Fiap.Cloud.Games.Core.Infra.csproj", "{9379FCA4-055D-4DA8-B96E-FD758B172BEF}"
EndProject
Project("{FAE04EC0-301F-11D3-BF4B-00C04F79EFBC}") = "Fiap.Cloud.Games.Core.Domain", "src\Core\Fiap.Cloud.Games.Core.Domain\Fiap.Cloud.Games.Core.Domain.csproj", "{36F8AA81-6488-45F6-8350-753A7EF282AD}"
EndProject
Project("{FAE04EC0-301F-11D3-BF4B-00C04F79EFBC}") = "Fiap.Cloud.Games.Core.Application", "src\Core\Fiap.Cloud.Games.Core.Application\Fiap.Cloud.Games.Core.Application.csproj", "{C35F96F1-6299-421C-BAD7-160F16423B90}"
EndProject
Project("{2150E333-8FDC-42A3-9474-1A3956D46DE8}") = "UI", "UI", "{CC553F9D-F3BC-49D3-8D4F-97856E54FEEC}"
EndProject
Project("{FAE04EC0-301F-11D3-BF4B-00C04F79EFBC}") = "Fiap.Cloud.Games.UI.Api", "src\UI\Fiap.Cloud.Games.UI.Api\Fiap.Cloud.Games.UI.Api.csproj", "{1A7390B3-21E8-4BCD-A6CB-CB9AF280915B}"
EndProject
Project("{2150E333-8FDC-42A3-9474-1A3956D46DE8}") = "utility", "utility", "{7DFD9004-1A24-45B9-953B-139B8B050FAC}"
EndProject
Project("{FAE04EC0-301F-11D3-BF4B-00C04F79EFBC}") = "Sample.Utils", "utility\Sample.Utils\Sample.Utils.csproj", "{917FAA9D-F69C-46F0-85C2-D621C17987C8}"
EndProject
Project("{2150E333-8FDC-42A3-9474-1A3956D46DE8}") = "test", "test", "{6CC9E353-3734-4887-B294-4BC35275B6A4}"
EndProject
Project("{FAE04EC0-301F-11D3-BF4B-00C04F79EFBC}") = "Fiap.Cloud.Games.Test", "test\Fiap.Cloud.Games.Test\Fiap.Cloud.Games.Test.csproj", "{2D130698-6313-420C-AFF4-DBEA9F1C853D}"
EndProject
Global
	GlobalSection(SolutionConfigurationPlatforms) = preSolution
		Debug|Any CPU = Debug|Any CPU
		Release|Any CPU = Release|Any CPU
	EndGlobalSection
	GlobalSection(SolutionProperties) = preSolution
		HideSolutionNode = FALSE
	EndGlobalSection
	GlobalSection(ProjectConfigurationPlatforms) = postSolution
		{311DD607-AA84-40A5-B5D9-5982A0E7A5DA}.Debug|Any CPU.ActiveCfg = Debug|Any CPU
		{311DD607-AA84-40A5-B5D9-5982A0E7A5DA}.Debug|Any CPU.Build.0 = Debug|Any CPU
		{311DD607-AA84-40A5-B5D9-5982A0E7A5DA}.Release|Any CPU.ActiveCfg = Release|Any CPU
		{311DD607-AA84-40A5-B5D9-5982A0E7A5DA}.Release|Any CPU.Build.0 = Release|Any CPU
		{9379FCA4-055D-4DA8-B96E-FD758B172BEF}.Debug|Any CPU.ActiveCfg = Debug|Any CPU
		{9379FCA4-055D-4DA8-B96E-FD758B172BEF}.Debug|Any CPU.Build.0 = Debug|Any CPU
		{9379FCA4-055D-4DA8-B96E-FD758B172BEF}.Release|Any CPU.ActiveCfg = Release|Any CPU
		{9379FCA4-055D-4DA8-B96E-FD758B172BEF}.Release|Any CPU.Build.0 = Release|Any CPU
		{36F8AA81-6488-45F6-8350-753A7EF282AD}.Debug|Any CPU.ActiveCfg = Debug|Any CPU
		{36F8AA81-6488-45F6-8350-753A7EF282AD}.Debug|Any CPU.Build.0 = Debug|Any CPU
		{36F8AA81-6488-45F6-8350-753A7EF282AD}.Release|Any CPU.ActiveCfg = Release|Any CPU
		{36F8AA81-6488-45F6-8350-753A7EF282AD}.Release|Any CPU.Build.0 = Release|Any CPU
		{C35F96F1-6299-421C-BAD7-160F16423B90}.Debug|Any CPU.ActiveCfg = Debug|Any CPU
		{C35F96F1-6299-421C-BAD7-160F16423B90}.Debug|Any CPU.Build.0 = Debug|Any CPU
		{C35F96F1-6299-421C-BAD7-160F16423B90}.Release|Any CPU.ActiveCfg = Release|Any CPU
		{C35F96F1-6299-421C-BAD7-160F16423B90}.Release|Any CPU.Build.0 = Release|Any CPU
		{1A7390B3-21E8-4BCD-A6CB-CB9AF280915B}.Debug|Any CPU.ActiveCfg = Debug|Any CPU
		{1A7390B3-21E8-4BCD-A6CB-CB9AF280915B}.Debug|Any CPU.Build.0 = Debug|Any CPU
		{1A7390B3-21E8-4BCD-A6CB-CB9AF280915B}.Release|Any CPU.ActiveCfg = Release|Any CPU
		{1A7390B3-21E8-4BCD-A6CB-CB9AF280915B}.Release|Any CPU.Build.0 = Release|Any CPU
		{917FAA9D-F69C-46F0-85C2-D621C17987C8}.Debug|Any CPU.ActiveCfg = Debug|Any CPU
		{917FAA9D-F69C-46F0-85C2-D621C17987C8}.Debug|Any CPU.Build.0 = Debug|Any CPU
		{917FAA9D-F69C-46F0-85C2-D621C17987C8}.Release|Any CPU.ActiveCfg = Release|Any CPU
		{917FAA9D-F69C-46F0-85C2-D621C17987C8}.Release|Any CPU.Build.0 = Release|Any CPU
		{2D130698-6313-420C-AFF4-DBEA9F1C853D}.Debug|Any CPU.ActiveCfg = Debug|Any CPU
		{2D130698-6313-420C-AFF4-DBEA9F1C853D}.Debug|Any CPU.Build.0 = Debug|Any CPU
		{2D130698-6313-420C-AFF4-DBEA9F1C853D}.Release|Any CPU.ActiveCfg = Release|Any CPU
		{2D130698-6313-420C-AFF4-DBEA9F1C853D}.Release|Any CPU.Build.0 = Release|Any CPU
	EndGlobalSection
	GlobalSection(NestedProjects) = preSolution
		{EABE1250-2DB7-41B5-88C1-B1F33A900F6F} = {272C165D-5C40-4999-8202-D9634C7F4BBC}
		{311DD607-AA84-40A5-B5D9-5982A0E7A5DA} = {EABE1250-2DB7-41B5-88C1-B1F33A900F6F}
		{9379FCA4-055D-4DA8-B96E-FD758B172BEF} = {EABE1250-2DB7-41B5-88C1-B1F33A900F6F}
		{36F8AA81-6488-45F6-8350-753A7EF282AD} = {EABE1250-2DB7-41B5-88C1-B1F33A900F6F}
		{C35F96F1-6299-421C-BAD7-160F16423B90} = {EABE1250-2DB7-41B5-88C1-B1F33A900F6F}
		{CC553F9D-F3BC-49D3-8D4F-97856E54FEEC} = {272C165D-5C40-4999-8202-D9634C7F4BBC}
		{1A7390B3-21E8-4BCD-A6CB-CB9AF280915B} = {CC553F9D-F3BC-49D3-8D4F-97856E54FEEC}
		{917FAA9D-F69C-46F0-85C2-D621C17987C8} = {7DFD9004-1A24-45B9-953B-139B8B050FAC}
		{2D130698-6313-420C-AFF4-DBEA9F1C853D} = {6CC9E353-3734-4887-B294-4BC35275B6A4}
	EndGlobalSection
EndGlobal
